
Microsoft Visual Studio Solution File, Format Version 12.00
# Visual Studio Version 17
VisualStudioVersion = 17.2.32602.215
MinimumVisualStudioVersion = 10.0.40219.1
Project("{FAE04EC0-301F-11D3-BF4B-00C04F79EFBC}") = "SecureApi", "SecureApi\SecureApi.csproj", "{1E45D7E6-B1AF-46B3-8410-3D46D60C8FFC}"
EndProject
Project("{FAE04EC0-301F-11D3-BF4B-00C04F79EFBC}") = "SecureClient", "SecureClient\SecureClient.csproj", "{DFBE3F1D-98FB-4692-BE1C-8E58F60E0396}"
EndProject
Global
	GlobalSection(SolutionConfigurationPlatforms) = preSolution
		Debug|Any CPU = Debug|Any CPU
		Release|Any CPU = Release|Any CPU
	EndGlobalSection
	GlobalSection(ProjectConfigurationPlatforms) = postSolution
		{1E45D7E6-B1AF-46B3-8410-3D46D60C8FFC}.Debug|Any CPU.ActiveCfg = Debug|Any CPU
		{1E45D7E6-B1AF-46B3-8410-3D46D60C8FFC}.Debug|Any CPU.Build.0 = Debug|Any CPU
		{1E45D7E6-B1AF-46B3-8410-3D46D60C8FFC}.Release|Any CPU.ActiveCfg = Release|Any CPU
		{1E45D7E6-B1AF-46B3-8410-3D46D60C8FFC}.Release|Any CPU.Build.0 = Release|Any CPU
		{DFBE3F1D-98FB-4692-BE1C-8E58F60E0396}.Debug|Any CPU.ActiveCfg = Debug|Any CPU
		{DFBE3F1D-98FB-4692-BE1C-8E58F60E0396}.Debug|Any CPU.Build.0 = Debug|Any CPU
		{DFBE3F1D-98FB-4692-BE1C-8E58F60E0396}.Release|Any CPU.ActiveCfg = Release|Any CPU
		{DFBE3F1D-98FB-4692-BE1C-8E58F60E0396}.Release|Any CPU.Build.0 = Release|Any CPU
	EndGlobalSection
	GlobalSection(SolutionProperties) = preSolution
		HideSolutionNode = FALSE
	EndGlobalSection
	GlobalSection(ExtensibilityGlobals) = postSolution
		SolutionGuid = {8BB5D8AC-822D-48B1-8DB8-29DDCD12ABBA}
	EndGlobalSection
EndGlobal
